
Microsoft Visual Studio Solution File, Format Version 12.00
# Visual Studio Version 17
VisualStudioVersion = 17.8.34316.72
MinimumVisualStudioVersion = 10.0.40219.1
Project("{FAE04EC0-301F-11D3-BF4B-00C04F79EFBC}") = "CrazyElephant.Client", "CrazyElephant.Client\CrazyElephant.Client.csproj", "{827E7438-F660-4535-9FA3-09CE7E8FC328}"
EndProject
Global
	GlobalSection(SolutionConfigurationPlatforms) = preSolution
		Debug|Any CPU = Debug|Any CPU
		Release|Any CPU = Release|Any CPU
	EndGlobalSection
	GlobalSection(ProjectConfigurationPlatforms) = postSolution
		{827E7438-F660-4535-9FA3-09CE7E8FC328}.Debug|Any CPU.ActiveCfg = Debug|Any CPU
		{827E7438-F660-4535-9FA3-09CE7E8FC328}.Debug|Any CPU.Build.0 = Debug|Any CPU
		{827E7438-F660-4535-9FA3-09CE7E8FC328}.Release|Any CPU.ActiveCfg = Release|Any CPU
		{827E7438-F660-4535-9FA3-09CE7E8FC328}.Release|Any CPU.Build.0 = Release|Any CPU
	EndGlobalSection
	GlobalSection(SolutionProperties) = preSolution
		HideSolutionNode = FALSE
	EndGlobalSection
	GlobalSection(ExtensibilityGlobals) = postSolution
		SolutionGuid = {E2D18F32-49F4-4877-AAA7-1FDA66262B5B}
	EndGlobalSection
EndGlobal
